
Microsoft Visual Studio Solution File, Format Version 12.00
# Visual Studio Version 16
VisualStudioVersion = 16.0.31321.278
MinimumVisualStudioVersion = 10.0.40219.1
Project("{FAE04EC0-301F-11D3-BF4B-00C04F79EFBC}") = "CodeFirstEF", "CodeFirstEF.csproj", "{E6664AA3-724E-4213-B788-F2AF5AA5BF1F}"
EndProject
Global
	GlobalSection(SolutionConfigurationPlatforms) = preSolution
		Debug|Any CPU = Debug|Any CPU
		Release|Any CPU = Release|Any CPU
	EndGlobalSection
	GlobalSection(ProjectConfigurationPlatforms) = postSolution
		{E6664AA3-724E-4213-B788-F2AF5AA5BF1F}.Debug|Any CPU.ActiveCfg = Debug|Any CPU
		{E6664AA3-724E-4213-B788-F2AF5AA5BF1F}.Debug|Any CPU.Build.0 = Debug|Any CPU
		{E6664AA3-724E-4213-B788-F2AF5AA5BF1F}.Release|Any CPU.ActiveCfg = Release|Any CPU
		{E6664AA3-724E-4213-B788-F2AF5AA5BF1F}.Release|Any CPU.Build.0 = Release|Any CPU
	EndGlobalSection
	GlobalSection(SolutionProperties) = preSolution
		HideSolutionNode = FALSE
	EndGlobalSection
	GlobalSection(ExtensibilityGlobals) = postSolution
		SolutionGuid = {032E416E-B62B-4606-AC86-E2324F7DFB8D}
	EndGlobalSection
EndGlobal
